
Microsoft Visual Studio Solution File, Format Version 12.00
# Visual Studio Version 17
VisualStudioVersion = 17.5.002.0
MinimumVisualStudioVersion = 10.0.40219.1
Project("{9A19103F-16F7-4668-BE54-9A1E7A4F7556}") = "semesterprojekt-gruppe-1.2", "semesterprojekt-gruppe-1.2.csproj", "{0BA2D955-1B23-4A45-B7B9-AF5A10C90A1F}"
EndProject
Global
	GlobalSection(SolutionConfigurationPlatforms) = preSolution
		Debug|Any CPU = Debug|Any CPU
		Release|Any CPU = Release|Any CPU
	EndGlobalSection
	GlobalSection(ProjectConfigurationPlatforms) = postSolution
		{0BA2D955-1B23-4A45-B7B9-AF5A10C90A1F}.Debug|Any CPU.ActiveCfg = Debug|Any CPU
		{0BA2D955-1B23-4A45-B7B9-AF5A10C90A1F}.Debug|Any CPU.Build.0 = Debug|Any CPU
		{0BA2D955-1B23-4A45-B7B9-AF5A10C90A1F}.Release|Any CPU.ActiveCfg = Release|Any CPU
		{0BA2D955-1B23-4A45-B7B9-AF5A10C90A1F}.Release|Any CPU.Build.0 = Release|Any CPU
	EndGlobalSection
	GlobalSection(SolutionProperties) = preSolution
		HideSolutionNode = FALSE
	EndGlobalSection
	GlobalSection(ExtensibilityGlobals) = postSolution
		SolutionGuid = {922FDE94-962B-4A99-A92A-4989C0EEB2C9}
	EndGlobalSection
EndGlobal
